
Microsoft Visual Studio Solution File, Format Version 12.00
# Visual Studio Version 17
VisualStudioVersion = 17.0.31903.59
MinimumVisualStudioVersion = 10.0.40219.1
Project("{FAE04EC0-301F-11D3-BF4B-00C04F79EFBC}") = "Cep.API", "Cep.API\Cep.API.csproj", "{3EFD7868-EEB0-4FB6-90BF-48DDE3A5B6CA}"
EndProject
Project("{FAE04EC0-301F-11D3-BF4B-00C04F79EFBC}") = "Cep.Application", "Cep.Application\Cep.Application.csproj", "{ABED07F9-7B69-4233-868D-D6A6E9A2EC1D}"
EndProject
Project("{FAE04EC0-301F-11D3-BF4B-00C04F79EFBC}") = "Cep.Domain", "Cep.Domain\Cep.Domain.csproj", "{C40F78BA-FDA9-4D71-986A-EDB1F6BDF26D}"
EndProject
Project("{FAE04EC0-301F-11D3-BF4B-00C04F79EFBC}") = "Cep.Infra", "Cep.Infra\Cep.Infra.csproj", "{013F78AA-0E15-4328-B22A-915AAA61CD0B}"
EndProject
Global
	GlobalSection(SolutionConfigurationPlatforms) = preSolution
		Debug|Any CPU = Debug|Any CPU
		Release|Any CPU = Release|Any CPU
	EndGlobalSection
	GlobalSection(SolutionProperties) = preSolution
		HideSolutionNode = FALSE
	EndGlobalSection
	GlobalSection(ProjectConfigurationPlatforms) = postSolution
		{3EFD7868-EEB0-4FB6-90BF-48DDE3A5B6CA}.Debug|Any CPU.ActiveCfg = Debug|Any CPU
		{3EFD7868-EEB0-4FB6-90BF-48DDE3A5B6CA}.Debug|Any CPU.Build.0 = Debug|Any CPU
		{3EFD7868-EEB0-4FB6-90BF-48DDE3A5B6CA}.Release|Any CPU.ActiveCfg = Release|Any CPU
		{3EFD7868-EEB0-4FB6-90BF-48DDE3A5B6CA}.Release|Any CPU.Build.0 = Release|Any CPU
		{ABED07F9-7B69-4233-868D-D6A6E9A2EC1D}.Debug|Any CPU.ActiveCfg = Debug|Any CPU
		{ABED07F9-7B69-4233-868D-D6A6E9A2EC1D}.Debug|Any CPU.Build.0 = Debug|Any CPU
		{ABED07F9-7B69-4233-868D-D6A6E9A2EC1D}.Release|Any CPU.ActiveCfg = Release|Any CPU
		{ABED07F9-7B69-4233-868D-D6A6E9A2EC1D}.Release|Any CPU.Build.0 = Release|Any CPU
		{C40F78BA-FDA9-4D71-986A-EDB1F6BDF26D}.Debug|Any CPU.ActiveCfg = Debug|Any CPU
		{C40F78BA-FDA9-4D71-986A-EDB1F6BDF26D}.Debug|Any CPU.Build.0 = Debug|Any CPU
		{C40F78BA-FDA9-4D71-986A-EDB1F6BDF26D}.Release|Any CPU.ActiveCfg = Release|Any CPU
		{C40F78BA-FDA9-4D71-986A-EDB1F6BDF26D}.Release|Any CPU.Build.0 = Release|Any CPU
		{013F78AA-0E15-4328-B22A-915AAA61CD0B}.Debug|Any CPU.ActiveCfg = Debug|Any CPU
		{013F78AA-0E15-4328-B22A-915AAA61CD0B}.Debug|Any CPU.Build.0 = Debug|Any CPU
		{013F78AA-0E15-4328-B22A-915AAA61CD0B}.Release|Any CPU.ActiveCfg = Release|Any CPU
		{013F78AA-0E15-4328-B22A-915AAA61CD0B}.Release|Any CPU.Build.0 = Release|Any CPU
	EndGlobalSection
EndGlobal
